// !$*UTF8*$!
{
	archiveVersion = 1;
	classes = {
	};
	objectVersion = 46;
	objects = {

/* Begin PBXBuildFile section */
		00E356F31AD99517003FC87E /* RedTestAppTests.m in Sources */ = {isa = PBXBuildFile; fileRef = 00E356F21AD99517003FC87E /* RedTestAppTests.m */; };
		13B07FBC1A68108700A75B9A /* AppDelegate.m in Sources */ = {isa = PBXBuildFile; fileRef = 13B07FB01A68108700A75B9A /* AppDelegate.m */; };
		13B07FBD1A68108700A75B9A /* LaunchScreen.xib in Resources */ = {isa = PBXBuildFile; fileRef = 13B07FB11A68108700A75B9A /* LaunchScreen.xib */; };
		13B07FBF1A68108700A75B9A /* Images.xcassets in Resources */ = {isa = PBXBuildFile; fileRef = 13B07FB51A68108700A75B9A /* Images.xcassets */; };
		13B07FC11A68108700A75B9A /* main.m in Sources */ = {isa = PBXBuildFile; fileRef = 13B07FB71A68108700A75B9A /* main.m */; };
		1911B07FEB364FB5AEDE559F /* Inter-LightItalicBETA.ttf in Resources */ = {isa = PBXBuildFile; fileRef = 5B9C9990F4C94D8081322CD7 /* Inter-LightItalicBETA.ttf */; };
		2024AA01F9784A6DA546822A /* Inter-Regular.ttf in Resources */ = {isa = PBXBuildFile; fileRef = 49176BD8B2E943B2A65D15EE /* Inter-Regular.ttf */; };
		29E8643652AF46F28BEFB98B /* Inter-MediumItalic.ttf in Resources */ = {isa = PBXBuildFile; fileRef = A11E445052E04E2EB4E4714E /* Inter-MediumItalic.ttf */; };
		2D02E4BC1E0B4A80006451C7 /* AppDelegate.m in Sources */ = {isa = PBXBuildFile; fileRef = 13B07FB01A68108700A75B9A /* AppDelegate.m */; };
		2D02E4BD1E0B4A84006451C7 /* Images.xcassets in Resources */ = {isa = PBXBuildFile; fileRef = 13B07FB51A68108700A75B9A /* Images.xcassets */; };
		2D02E4BF1E0B4AB3006451C7 /* main.m in Sources */ = {isa = PBXBuildFile; fileRef = 13B07FB71A68108700A75B9A /* main.m */; };
		2DCD954D1E0B4F2C00145EB5 /* RedTestAppTests.m in Sources */ = {isa = PBXBuildFile; fileRef = 00E356F21AD99517003FC87E /* RedTestAppTests.m */; };
		3EDEEA7EAF824C1E87826B11 /* libPods-RedTestApp-tvOSTests.a in Frameworks */ = {isa = PBXBuildFile; fileRef = 2ABAA108B3E5B7B0DD28D0B1 /* libPods-RedTestApp-tvOSTests.a */; };
		44EF9D1F020B4CCC8DFAF806 /* Inter-ExtraLightBETA.ttf in Resources */ = {isa = PBXBuildFile; fileRef = 1C376E1A8EBE4979AB65F6B5 /* Inter-ExtraLightBETA.ttf */; };
		5030FE98F60A437BBA058E41 /* Inter-SemiBold.ttf in Resources */ = {isa = PBXBuildFile; fileRef = C83920D43AC44F5A9AFDFD1B /* Inter-SemiBold.ttf */; };
		59FAEA99B76E49DAA29F644D /* Inter-Bold.ttf in Resources */ = {isa = PBXBuildFile; fileRef = EE5D29917F6C4184ADFF273D /* Inter-Bold.ttf */; };
		5A2823F025EA446BAC418EC0 /* Inter-LightBETA.ttf in Resources */ = {isa = PBXBuildFile; fileRef = 8B5B7CBB49CE466E97E3E837 /* Inter-LightBETA.ttf */; };
		5BAE13AB1267473E931C9820 /* Inter-ExtraBoldItalic.ttf in Resources */ = {isa = PBXBuildFile; fileRef = B8B46EEBBCCF4435854EED28 /* Inter-ExtraBoldItalic.ttf */; };
		5E5FF4B9CB85410A9722F26E /* Inter-Medium.ttf in Resources */ = {isa = PBXBuildFile; fileRef = 859652F1BD974ABBB019B861 /* Inter-Medium.ttf */; };
		705B5367E42640C6AB12014B /* vertical_trees.jpg in Resources */ = {isa = PBXBuildFile; fileRef = E390A428E83E4D6F81A3CFB4 /* vertical_trees.jpg */; };
		7B387E53CAA3EBDDCBBFF97F /* libPods-RedTestApp.a in Frameworks */ = {isa = PBXBuildFile; fileRef = 838DC6C6F5F093E01DF1866E /* libPods-RedTestApp.a */; };
		852A179987D04FD98AA50572 /* Inter-BoldItalic.ttf in Resources */ = {isa = PBXBuildFile; fileRef = A8A72571612F477BA860F792 /* Inter-BoldItalic.ttf */; };
		8BD56EA0569E43FBAD8ABC89 /* Inter-ExtraLightItalicBETA.ttf in Resources */ = {isa = PBXBuildFile; fileRef = 971D4D280FFE45E1BCEDFDB1 /* Inter-ExtraLightItalicBETA.ttf */; };
		902C71B839884D03B74468EA /* Inter-BlackItalic.ttf in Resources */ = {isa = PBXBuildFile; fileRef = CE0CF36A93324B858C65195C /* Inter-BlackItalic.ttf */; };
		9A19DD4E499E4A739D8CE0BA /* Inter-Italic.ttf in Resources */ = {isa = PBXBuildFile; fileRef = 109EC105E1F44342B09AA261 /* Inter-Italic.ttf */; };
		9B6D264CA1D847499BAF8EEA /* square_cat.jpg in Resources */ = {isa = PBXBuildFile; fileRef = C5E7E5D6E1EB4066A1F21D7E /* square_cat.jpg */; };
		9D2D3A531C7E4140A30EA0F6 /* horizontal_landscape.jpg in Resources */ = {isa = PBXBuildFile; fileRef = 5BCF3C9FEBDF4961BB34819F /* horizontal_landscape.jpg */; };
		AB4183CDFEEE4947A4557D15 /* Inter-ExtraBold.ttf in Resources */ = {isa = PBXBuildFile; fileRef = 65D3AA28D8F2454B8BDF9D68 /* Inter-ExtraBold.ttf */; };
		C032FAD86B20412098FFE4BD /* Inter-Black.ttf in Resources */ = {isa = PBXBuildFile; fileRef = B833DEBEB7394602A8611789 /* Inter-Black.ttf */; };
		DE70B1B211BE49F898A1D78F /* Inter-ThinBETA.ttf in Resources */ = {isa = PBXBuildFile; fileRef = 49ED10729BFC478D82C20A99 /* Inter-ThinBETA.ttf */; };
		E7F9B3CD9D8D00A68617F4ED /* libPods-RedTestApp-tvOS.a in Frameworks */ = {isa = PBXBuildFile; fileRef = 48B8F95D79A0B3C4627C8B42 /* libPods-RedTestApp-tvOS.a */; };
		ED2EF1316C268BB4909BD11F /* libPods-RedTestApp-RedTestAppTests.a in Frameworks */ = {isa = PBXBuildFile; fileRef = 36C369A8A5EE5ABF85613F4E /* libPods-RedTestApp-RedTestAppTests.a */; };
		EE81830EBFA446AB810EFA62 /* Inter-SemiBoldItalic.ttf in Resources */ = {isa = PBXBuildFile; fileRef = C704E22A1AC34FF58D29FA4F /* Inter-SemiBoldItalic.ttf */; };
		FC04287E15074CB99B2F90AB /* Inter-ThinItalicBETA.ttf in Resources */ = {isa = PBXBuildFile; fileRef = F48445EC535C42DEAA52385A /* Inter-ThinItalicBETA.ttf */; };
/* End PBXBuildFile section */

/* Begin PBXContainerItemProxy section */
		00E356F41AD99517003FC87E /* PBXContainerItemProxy */ = {
			isa = PBXContainerItemProxy;
			containerPortal = 83CBB9F71A601CBA00E9B192 /* Project object */;
			proxyType = 1;
			remoteGlobalIDString = 13B07F861A680F5B00A75B9A;
			remoteInfo = RedTestApp;
		};
		2D02E4911E0B4A5D006451C7 /* PBXContainerItemProxy */ = {
			isa = PBXContainerItemProxy;
			containerPortal = 83CBB9F71A601CBA00E9B192 /* Project object */;
			proxyType = 1;
			remoteGlobalIDString = 2D02E47A1E0B4A5D006451C7;
			remoteInfo = "RedTestApp-tvOS";
		};
/* End PBXContainerItemProxy section */

/* Begin PBXFileReference section */
		008F07F21AC5B25A0029DE68 /* main.jsbundle */ = {isa = PBXFileReference; fileEncoding = 4; lastKnownFileType = text; path = main.jsbundle; sourceTree = "<group>"; };
		00E356EE1AD99517003FC87E /* RedTestAppTests.xctest */ = {isa = PBXFileReference; explicitFileType = wrapper.cfbundle; includeInIndex = 0; path = RedTestAppTests.xctest; sourceTree = BUILT_PRODUCTS_DIR; };
		00E356F11AD99517003FC87E /* Info.plist */ = {isa = PBXFileReference; lastKnownFileType = text.plist.xml; path = Info.plist; sourceTree = "<group>"; };
		00E356F21AD99517003FC87E /* RedTestAppTests.m */ = {isa = PBXFileReference; lastKnownFileType = sourcecode.c.objc; path = RedTestAppTests.m; sourceTree = "<group>"; };
		109EC105E1F44342B09AA261 /* Inter-Italic.ttf */ = {isa = PBXFileReference; explicitFileType = undefined; fileEncoding = 9; includeInIndex = 0; lastKnownFileType = unknown; name = "Inter-Italic.ttf"; path = "../src/assets/fonts/Inter-Italic.ttf"; sourceTree = "<group>"; };
		13B07F961A680F5B00A75B9A /* RedTestApp.app */ = {isa = PBXFileReference; explicitFileType = wrapper.application; includeInIndex = 0; path = RedTestApp.app; sourceTree = BUILT_PRODUCTS_DIR; };
		13B07FAF1A68108700A75B9A /* AppDelegate.h */ = {isa = PBXFileReference; fileEncoding = 4; lastKnownFileType = sourcecode.c.h; name = AppDelegate.h; path = RedTestApp/AppDelegate.h; sourceTree = "<group>"; };
		13B07FB01A68108700A75B9A /* AppDelegate.m */ = {isa = PBXFileReference; fileEncoding = 4; lastKnownFileType = sourcecode.c.objc; name = AppDelegate.m; path = RedTestApp/AppDelegate.m; sourceTree = "<group>"; };
		13B07FB21A68108700A75B9A /* Base */ = {isa = PBXFileReference; lastKnownFileType = file.xib; name = Base; path = Base.lproj/LaunchScreen.xib; sourceTree = "<group>"; };
		13B07FB51A68108700A75B9A /* Images.xcassets */ = {isa = PBXFileReference; lastKnownFileType = folder.assetcatalog; name = Images.xcassets; path = RedTestApp/Images.xcassets; sourceTree = "<group>"; };
		13B07FB61A68108700A75B9A /* Info.plist */ = {isa = PBXFileReference; fileEncoding = 4; lastKnownFileType = text.plist.xml; name = Info.plist; path = RedTestApp/Info.plist; sourceTree = "<group>"; };
		13B07FB71A68108700A75B9A /* main.m */ = {isa = PBXFileReference; fileEncoding = 4; lastKnownFileType = sourcecode.c.objc; name = main.m; path = RedTestApp/main.m; sourceTree = "<group>"; };
		1C376E1A8EBE4979AB65F6B5 /* Inter-ExtraLightBETA.ttf */ = {isa = PBXFileReference; explicitFileType = undefined; fileEncoding = 9; includeInIndex = 0; lastKnownFileType = unknown; name = "Inter-ExtraLightBETA.ttf"; path = "../src/assets/fonts/Inter-ExtraLightBETA.ttf"; sourceTree = "<group>"; };
		1E6C17504A584ABDB831CC5C /* Inter-ExtraLightBETA.ttf */ = {isa = PBXFileReference; explicitFileType = undefined; fileEncoding = 9; includeInIndex = 0; lastKnownFileType = unknown; name = "Inter-ExtraLightBETA.ttf"; path = "../assets/fonts/Inter-ExtraLightBETA.ttf"; sourceTree = "<group>"; };
		26C6783CD4EC46A0B7BEFF11 /* Inter-Regular.ttf */ = {isa = PBXFileReference; explicitFileType = undefined; fileEncoding = 9; includeInIndex = 0; lastKnownFileType = unknown; name = "Inter-Regular.ttf"; path = "../assets/fonts/Inter-Regular.ttf"; sourceTree = "<group>"; };
		2ABAA108B3E5B7B0DD28D0B1 /* libPods-RedTestApp-tvOSTests.a */ = {isa = PBXFileReference; explicitFileType = archive.ar; includeInIndex = 0; path = "libPods-RedTestApp-tvOSTests.a"; sourceTree = BUILT_PRODUCTS_DIR; };
		2D02E47B1E0B4A5D006451C7 /* RedTestApp-tvOS.app */ = {isa = PBXFileReference; explicitFileType = wrapper.application; includeInIndex = 0; path = "RedTestApp-tvOS.app"; sourceTree = BUILT_PRODUCTS_DIR; };
		2D02E4901E0B4A5D006451C7 /* RedTestApp-tvOSTests.xctest */ = {isa = PBXFileReference; explicitFileType = wrapper.cfbundle; includeInIndex = 0; path = "RedTestApp-tvOSTests.xctest"; sourceTree = BUILT_PRODUCTS_DIR; };
		367A0D2A0F4A4A9FBFB56B12 /* Inter-MediumItalic.ttf */ = {isa = PBXFileReference; explicitFileType = undefined; fileEncoding = 9; includeInIndex = 0; lastKnownFileType = unknown; name = "Inter-MediumItalic.ttf"; path = "../assets/fonts/Inter-MediumItalic.ttf"; sourceTree = "<group>"; };
		36C369A8A5EE5ABF85613F4E /* libPods-RedTestApp-RedTestAppTests.a */ = {isa = PBXFileReference; explicitFileType = archive.ar; includeInIndex = 0; path = "libPods-RedTestApp-RedTestAppTests.a"; sourceTree = BUILT_PRODUCTS_DIR; };
		399D1746E4744AB685D3D0F6 /* Inter-Black.ttf */ = {isa = PBXFileReference; explicitFileType = undefined; fileEncoding = 9; includeInIndex = 0; lastKnownFileType = unknown; name = "Inter-Black.ttf"; path = "../assets/fonts/Inter-Black.ttf"; sourceTree = "<group>"; };
		3CD4D993E25C416384E55990 /* Inter-Bold.ttf */ = {isa = PBXFileReference; explicitFileType = undefined; fileEncoding = 9; includeInIndex = 0; lastKnownFileType = unknown; name = "Inter-Bold.ttf"; path = "../assets/fonts/Inter-Bold.ttf"; sourceTree = "<group>"; };
		445F420B8F0C4B2FAB45130B /* Inter-ExtraBold.ttf */ = {isa = PBXFileReference; explicitFileType = undefined; fileEncoding = 9; includeInIndex = 0; lastKnownFileType = unknown; name = "Inter-ExtraBold.ttf"; path = "../assets/fonts/Inter-ExtraBold.ttf"; sourceTree = "<group>"; };
		46A76615DA384E2BB2F10419 /* Inter-BlackItalic.ttf */ = {isa = PBXFileReference; explicitFileType = undefined; fileEncoding = 9; includeInIndex = 0; lastKnownFileType = unknown; name = "Inter-BlackItalic.ttf"; path = "../assets/fonts/Inter-BlackItalic.ttf"; sourceTree = "<group>"; };
		48B8F95D79A0B3C4627C8B42 /* libPods-RedTestApp-tvOS.a */ = {isa = PBXFileReference; explicitFileType = archive.ar; includeInIndex = 0; path = "libPods-RedTestApp-tvOS.a"; sourceTree = BUILT_PRODUCTS_DIR; };
		49176BD8B2E943B2A65D15EE /* Inter-Regular.ttf */ = {isa = PBXFileReference; explicitFileType = undefined; fileEncoding = 9; includeInIndex = 0; lastKnownFileType = unknown; name = "Inter-Regular.ttf"; path = "../src/assets/fonts/Inter-Regular.ttf"; sourceTree = "<group>"; };
		49ED10729BFC478D82C20A99 /* Inter-ThinBETA.ttf */ = {isa = PBXFileReference; explicitFileType = undefined; fileEncoding = 9; includeInIndex = 0; lastKnownFileType = unknown; name = "Inter-ThinBETA.ttf"; path = "../src/assets/fonts/Inter-ThinBETA.ttf"; sourceTree = "<group>"; };
		4B1F0199C52FC7C3A0E021B7 /* Pods-RedTestApp-tvOS.debug.xcconfig */ = {isa = PBXFileReference; includeInIndex = 1; lastKnownFileType = text.xcconfig; name = "Pods-RedTestApp-tvOS.debug.xcconfig"; path = "Target Support Files/Pods-RedTestApp-tvOS/Pods-RedTestApp-tvOS.debug.xcconfig"; sourceTree = "<group>"; };
		50EB217E3B8340D2B5330138 /* Inter-ExtraLightItalicBETA.ttf */ = {isa = PBXFileReference; explicitFileType = undefined; fileEncoding = 9; includeInIndex = 0; lastKnownFileType = unknown; name = "Inter-ExtraLightItalicBETA.ttf"; path = "../assets/fonts/Inter-ExtraLightItalicBETA.ttf"; sourceTree = "<group>"; };
		57D563B299C9002FD5EB6186 /* Pods-RedTestApp-RedTestAppTests.release.xcconfig */ = {isa = PBXFileReference; includeInIndex = 1; lastKnownFileType = text.xcconfig; name = "Pods-RedTestApp-RedTestAppTests.release.xcconfig"; path = "Target Support Files/Pods-RedTestApp-RedTestAppTests/Pods-RedTestApp-RedTestAppTests.release.xcconfig"; sourceTree = "<group>"; };
		5976E58A17BB492EA0AD4A08 /* Inter-ExtraBoldItalic.ttf */ = {isa = PBXFileReference; explicitFileType = undefined; fileEncoding = 9; includeInIndex = 0; lastKnownFileType = unknown; name = "Inter-ExtraBoldItalic.ttf"; path = "../assets/fonts/Inter-ExtraBoldItalic.ttf"; sourceTree = "<group>"; };
		5ADA04DBC1C1D1D60B5E53B9 /* Pods-RedTestApp-tvOSTests.release.xcconfig */ = {isa = PBXFileReference; includeInIndex = 1; lastKnownFileType = text.xcconfig; name = "Pods-RedTestApp-tvOSTests.release.xcconfig"; path = "Target Support Files/Pods-RedTestApp-tvOSTests/Pods-RedTestApp-tvOSTests.release.xcconfig"; sourceTree = "<group>"; };
		5B9C9990F4C94D8081322CD7 /* Inter-LightItalicBETA.ttf */ = {isa = PBXFileReference; explicitFileType = undefined; fileEncoding = 9; includeInIndex = 0; lastKnownFileType = unknown; name = "Inter-LightItalicBETA.ttf"; path = "../src/assets/fonts/Inter-LightItalicBETA.ttf"; sourceTree = "<group>"; };
		5BCF3C9FEBDF4961BB34819F /* horizontal_landscape.jpg */ = {isa = PBXFileReference; explicitFileType = undefined; fileEncoding = 9; includeInIndex = 0; lastKnownFileType = unknown; name = horizontal_landscape.jpg; path = ../src/assets/images/horizontal_landscape.jpg; sourceTree = "<group>"; };
		5F1A42BAE253437B8683F52D /* Inter-Italic.ttf */ = {isa = PBXFileReference; explicitFileType = undefined; fileEncoding = 9; includeInIndex = 0; lastKnownFileType = unknown; name = "Inter-Italic.ttf"; path = "../assets/fonts/Inter-Italic.ttf"; sourceTree = "<group>"; };
		65D3AA28D8F2454B8BDF9D68 /* Inter-ExtraBold.ttf */ = {isa = PBXFileReference; explicitFileType = undefined; fileEncoding = 9; includeInIndex = 0; lastKnownFileType = unknown; name = "Inter-ExtraBold.ttf"; path = "../src/assets/fonts/Inter-ExtraBold.ttf"; sourceTree = "<group>"; };
		6EC7F2412D854A9690B6D248 /* Inter-SemiBoldItalic.ttf */ = {isa = PBXFileReference; explicitFileType = undefined; fileEncoding = 9; includeInIndex = 0; lastKnownFileType = unknown; name = "Inter-SemiBoldItalic.ttf"; path = "../assets/fonts/Inter-SemiBoldItalic.ttf"; sourceTree = "<group>"; };
		72291D98C8C5487B86E49D6E /* Inter-ThinBETA.ttf */ = {isa = PBXFileReference; explicitFileType = undefined; fileEncoding = 9; includeInIndex = 0; lastKnownFileType = unknown; name = "Inter-ThinBETA.ttf"; path = "../assets/fonts/Inter-ThinBETA.ttf"; sourceTree = "<group>"; };
		75A28CDDA0954E96A605CE34 /* Inter-LightItalicBETA.ttf */ = {isa = PBXFileReference; explicitFileType = undefined; fileEncoding = 9; includeInIndex = 0; lastKnownFileType = unknown; name = "Inter-LightItalicBETA.ttf"; path = "../assets/fonts/Inter-LightItalicBETA.ttf"; sourceTree = "<group>"; };
		838DC6C6F5F093E01DF1866E /* libPods-RedTestApp.a */ = {isa = PBXFileReference; explicitFileType = archive.ar; includeInIndex = 0; path = "libPods-RedTestApp.a"; sourceTree = BUILT_PRODUCTS_DIR; };
		859652F1BD974ABBB019B861 /* Inter-Medium.ttf */ = {isa = PBXFileReference; explicitFileType = undefined; fileEncoding = 9; includeInIndex = 0; lastKnownFileType = unknown; name = "Inter-Medium.ttf"; path = "../src/assets/fonts/Inter-Medium.ttf"; sourceTree = "<group>"; };
		85C33728C491542468D8B02A /* Pods-RedTestApp.debug.xcconfig */ = {isa = PBXFileReference; includeInIndex = 1; lastKnownFileType = text.xcconfig; name = "Pods-RedTestApp.debug.xcconfig"; path = "Target Support Files/Pods-RedTestApp/Pods-RedTestApp.debug.xcconfig"; sourceTree = "<group>"; };
		87FFF6CEEA2A9DF7F118A0E4 /* Pods-RedTestApp-tvOSTests.debug.xcconfig */ = {isa = PBXFileReference; includeInIndex = 1; lastKnownFileType = text.xcconfig; name = "Pods-RedTestApp-tvOSTests.debug.xcconfig"; path = "Target Support Files/Pods-RedTestApp-tvOSTests/Pods-RedTestApp-tvOSTests.debug.xcconfig"; sourceTree = "<group>"; };
		8B5B7CBB49CE466E97E3E837 /* Inter-LightBETA.ttf */ = {isa = PBXFileReference; explicitFileType = undefined; fileEncoding = 9; includeInIndex = 0; lastKnownFileType = unknown; name = "Inter-LightBETA.ttf"; path = "../src/assets/fonts/Inter-LightBETA.ttf"; sourceTree = "<group>"; };
		9108128C5C7CF37947869314 /* Pods-RedTestApp-RedTestAppTests.debug.xcconfig */ = {isa = PBXFileReference; includeInIndex = 1; lastKnownFileType = text.xcconfig; name = "Pods-RedTestApp-RedTestAppTests.debug.xcconfig"; path = "Target Support Files/Pods-RedTestApp-RedTestAppTests/Pods-RedTestApp-RedTestAppTests.debug.xcconfig"; sourceTree = "<group>"; };
		968D18C91430CD86F53B9E8C /* Pods-RedTestApp-tvOS.release.xcconfig */ = {isa = PBXFileReference; includeInIndex = 1; lastKnownFileType = text.xcconfig; name = "Pods-RedTestApp-tvOS.release.xcconfig"; path = "Target Support Files/Pods-RedTestApp-tvOS/Pods-RedTestApp-tvOS.release.xcconfig"; sourceTree = "<group>"; };
		971D4D280FFE45E1BCEDFDB1 /* Inter-ExtraLightItalicBETA.ttf */ = {isa = PBXFileReference; explicitFileType = undefined; fileEncoding = 9; includeInIndex = 0; lastKnownFileType = unknown; name = "Inter-ExtraLightItalicBETA.ttf"; path = "../src/assets/fonts/Inter-ExtraLightItalicBETA.ttf"; sourceTree = "<group>"; };
		9AD57DFCDFBF4714875783D7 /* Inter-LightBETA.ttf */ = {isa = PBXFileReference; explicitFileType = undefined; fileEncoding = 9; includeInIndex = 0; lastKnownFileType = unknown; name = "Inter-LightBETA.ttf"; path = "../assets/fonts/Inter-LightBETA.ttf"; sourceTree = "<group>"; };
		A11E445052E04E2EB4E4714E /* Inter-MediumItalic.ttf */ = {isa = PBXFileReference; explicitFileType = undefined; fileEncoding = 9; includeInIndex = 0; lastKnownFileType = unknown; name = "Inter-MediumItalic.ttf"; path = "../src/assets/fonts/Inter-MediumItalic.ttf"; sourceTree = "<group>"; };
		A8A72571612F477BA860F792 /* Inter-BoldItalic.ttf */ = {isa = PBXFileReference; explicitFileType = undefined; fileEncoding = 9; includeInIndex = 0; lastKnownFileType = unknown; name = "Inter-BoldItalic.ttf"; path = "../src/assets/fonts/Inter-BoldItalic.ttf"; sourceTree = "<group>"; };
		A9CDE94B598643DDB4B5F8CD /* Inter-Medium.ttf */ = {isa = PBXFileReference; explicitFileType = undefined; fileEncoding = 9; includeInIndex = 0; lastKnownFileType = unknown; name = "Inter-Medium.ttf"; path = "../assets/fonts/Inter-Medium.ttf"; sourceTree = "<group>"; };
		B833DEBEB7394602A8611789 /* Inter-Black.ttf */ = {isa = PBXFileReference; explicitFileType = undefined; fileEncoding = 9; includeInIndex = 0; lastKnownFileType = unknown; name = "Inter-Black.ttf"; path = "../src/assets/fonts/Inter-Black.ttf"; sourceTree = "<group>"; };
		B8B46EEBBCCF4435854EED28 /* Inter-ExtraBoldItalic.ttf */ = {isa = PBXFileReference; explicitFileType = undefined; fileEncoding = 9; includeInIndex = 0; lastKnownFileType = unknown; name = "Inter-ExtraBoldItalic.ttf"; path = "../src/assets/fonts/Inter-ExtraBoldItalic.ttf"; sourceTree = "<group>"; };
		C5E7E5D6E1EB4066A1F21D7E /* square_cat.jpg */ = {isa = PBXFileReference; explicitFileType = undefined; fileEncoding = 9; includeInIndex = 0; lastKnownFileType = unknown; name = square_cat.jpg; path = ../src/assets/images/square_cat.jpg; sourceTree = "<group>"; };
		C704E22A1AC34FF58D29FA4F /* Inter-SemiBoldItalic.ttf */ = {isa = PBXFileReference; explicitFileType = undefined; fileEncoding = 9; includeInIndex = 0; lastKnownFileType = unknown; name = "Inter-SemiBoldItalic.ttf"; path = "../src/assets/fonts/Inter-SemiBoldItalic.ttf"; sourceTree = "<group>"; };
		C83920D43AC44F5A9AFDFD1B /* Inter-SemiBold.ttf */ = {isa = PBXFileReference; explicitFileType = undefined; fileEncoding = 9; includeInIndex = 0; lastKnownFileType = unknown; name = "Inter-SemiBold.ttf"; path = "../src/assets/fonts/Inter-SemiBold.ttf"; sourceTree = "<group>"; };
		CE0CF36A93324B858C65195C /* Inter-BlackItalic.ttf */ = {isa = PBXFileReference; explicitFileType = undefined; fileEncoding = 9; includeInIndex = 0; lastKnownFileType = unknown; name = "Inter-BlackItalic.ttf"; path = "../src/assets/fonts/Inter-BlackItalic.ttf"; sourceTree = "<group>"; };
		D74BB957B7B2444A8B9C7F43 /* Inter-ThinItalicBETA.ttf */ = {isa = PBXFileReference; explicitFileType = undefined; fileEncoding = 9; includeInIndex = 0; lastKnownFileType = unknown; name = "Inter-ThinItalicBETA.ttf"; path = "../assets/fonts/Inter-ThinItalicBETA.ttf"; sourceTree = "<group>"; };
		DBF091ADAB524D8CB15A2D5D /* Inter-SemiBold.ttf */ = {isa = PBXFileReference; explicitFileType = undefined; fileEncoding = 9; includeInIndex = 0; lastKnownFileType = unknown; name = "Inter-SemiBold.ttf"; path = "../assets/fonts/Inter-SemiBold.ttf"; sourceTree = "<group>"; };
		E3081515E417C5CEC005F738 /* Pods-RedTestApp.release.xcconfig */ = {isa = PBXFileReference; includeInIndex = 1; lastKnownFileType = text.xcconfig; name = "Pods-RedTestApp.release.xcconfig"; path = "Target Support Files/Pods-RedTestApp/Pods-RedTestApp.release.xcconfig"; sourceTree = "<group>"; };
		E390A428E83E4D6F81A3CFB4 /* vertical_trees.jpg */ = {isa = PBXFileReference; explicitFileType = undefined; fileEncoding = 9; includeInIndex = 0; lastKnownFileType = unknown; name = vertical_trees.jpg; path = ../src/assets/images/vertical_trees.jpg; sourceTree = "<group>"; };
		ED297162215061F000B7C4FE /* JavaScriptCore.framework */ = {isa = PBXFileReference; lastKnownFileType = wrapper.framework; name = JavaScriptCore.framework; path = System/Library/Frameworks/JavaScriptCore.framework; sourceTree = SDKROOT; };
		ED2971642150620600B7C4FE /* JavaScriptCore.framework */ = {isa = PBXFileReference; lastKnownFileType = wrapper.framework; name = JavaScriptCore.framework; path = Platforms/AppleTVOS.platform/Developer/SDKs/AppleTVOS12.0.sdk/System/Library/Frameworks/JavaScriptCore.framework; sourceTree = DEVELOPER_DIR; };
		EE5D29917F6C4184ADFF273D /* Inter-Bold.ttf */ = {isa = PBXFileReference; explicitFileType = undefined; fileEncoding = 9; includeInIndex = 0; lastKnownFileType = unknown; name = "Inter-Bold.ttf"; path = "../src/assets/fonts/Inter-Bold.ttf"; sourceTree = "<group>"; };
		F48445EC535C42DEAA52385A /* Inter-ThinItalicBETA.ttf */ = {isa = PBXFileReference; explicitFileType = undefined; fileEncoding = 9; includeInIndex = 0; lastKnownFileType = unknown; name = "Inter-ThinItalicBETA.ttf"; path = "../src/assets/fonts/Inter-ThinItalicBETA.ttf"; sourceTree = "<group>"; };
		FA2960565809410A93C9B2CD /* Inter-BoldItalic.ttf */ = {isa = PBXFileReference; explicitFileType = undefined; fileEncoding = 9; includeInIndex = 0; lastKnownFileType = unknown; name = "Inter-BoldItalic.ttf"; path = "../assets/fonts/Inter-BoldItalic.ttf"; sourceTree = "<group>"; };
/* End PBXFileReference section */

/* Begin PBXFrameworksBuildPhase section */
		00E356EB1AD99517003FC87E /* Frameworks */ = {
			isa = PBXFrameworksBuildPhase;
			buildActionMask = 2147483647;
			files = (
				ED2EF1316C268BB4909BD11F /* libPods-RedTestApp-RedTestAppTests.a in Frameworks */,
			);
			runOnlyForDeploymentPostprocessing = 0;
		};
		13B07F8C1A680F5B00A75B9A /* Frameworks */ = {
			isa = PBXFrameworksBuildPhase;
			buildActionMask = 2147483647;
			files = (
				7B387E53CAA3EBDDCBBFF97F /* libPods-RedTestApp.a in Frameworks */,
			);
			runOnlyForDeploymentPostprocessing = 0;
		};
		2D02E4781E0B4A5D006451C7 /* Frameworks */ = {
			isa = PBXFrameworksBuildPhase;
			buildActionMask = 2147483647;
			files = (
				E7F9B3CD9D8D00A68617F4ED /* libPods-RedTestApp-tvOS.a in Frameworks */,
			);
			runOnlyForDeploymentPostprocessing = 0;
		};
		2D02E48D1E0B4A5D006451C7 /* Frameworks */ = {
			isa = PBXFrameworksBuildPhase;
			buildActionMask = 2147483647;
			files = (
				3EDEEA7EAF824C1E87826B11 /* libPods-RedTestApp-tvOSTests.a in Frameworks */,
			);
			runOnlyForDeploymentPostprocessing = 0;
		};
/* End PBXFrameworksBuildPhase section */

/* Begin PBXGroup section */
		00E356EF1AD99517003FC87E /* RedTestAppTests */ = {
			isa = PBXGroup;
			children = (
				00E356F21AD99517003FC87E /* RedTestAppTests.m */,
				00E356F01AD99517003FC87E /* Supporting Files */,
			);
			path = RedTestAppTests;
			sourceTree = "<group>";
		};
		00E356F01AD99517003FC87E /* Supporting Files */ = {
			isa = PBXGroup;
			children = (
				00E356F11AD99517003FC87E /* Info.plist */,
			);
			name = "Supporting Files";
			sourceTree = "<group>";
		};
		13B07FAE1A68108700A75B9A /* RedTestApp */ = {
			isa = PBXGroup;
			children = (
				008F07F21AC5B25A0029DE68 /* main.jsbundle */,
				13B07FAF1A68108700A75B9A /* AppDelegate.h */,
				13B07FB01A68108700A75B9A /* AppDelegate.m */,
				13B07FB51A68108700A75B9A /* Images.xcassets */,
				13B07FB61A68108700A75B9A /* Info.plist */,
				13B07FB11A68108700A75B9A /* LaunchScreen.xib */,
				13B07FB71A68108700A75B9A /* main.m */,
			);
			name = RedTestApp;
			sourceTree = "<group>";
		};
		2D16E6871FA4F8E400B85C8A /* Frameworks */ = {
			isa = PBXGroup;
			children = (
				ED297162215061F000B7C4FE /* JavaScriptCore.framework */,
				ED2971642150620600B7C4FE /* JavaScriptCore.framework */,
				838DC6C6F5F093E01DF1866E /* libPods-RedTestApp.a */,
				36C369A8A5EE5ABF85613F4E /* libPods-RedTestApp-RedTestAppTests.a */,
				48B8F95D79A0B3C4627C8B42 /* libPods-RedTestApp-tvOS.a */,
				2ABAA108B3E5B7B0DD28D0B1 /* libPods-RedTestApp-tvOSTests.a */,
			);
			name = Frameworks;
			sourceTree = "<group>";
		};
		832341AE1AAA6A7D00B99B32 /* Libraries */ = {
			isa = PBXGroup;
			children = (
			);
			name = Libraries;
			sourceTree = "<group>";
		};
		83CBB9F61A601CBA00E9B192 = {
			isa = PBXGroup;
			children = (
				13B07FAE1A68108700A75B9A /* RedTestApp */,
				832341AE1AAA6A7D00B99B32 /* Libraries */,
				00E356EF1AD99517003FC87E /* RedTestAppTests */,
				83CBBA001A601CBA00E9B192 /* Products */,
				2D16E6871FA4F8E400B85C8A /* Frameworks */,
				A4D36E3C86B6D5BFCEF03E3C /* Pods */,
				DC5450AFBBE143BEA24F58F7 /* Resources */,
			);
			indentWidth = 2;
			sourceTree = "<group>";
			tabWidth = 2;
			usesTabs = 0;
		};
		83CBBA001A601CBA00E9B192 /* Products */ = {
			isa = PBXGroup;
			children = (
				13B07F961A680F5B00A75B9A /* RedTestApp.app */,
				00E356EE1AD99517003FC87E /* RedTestAppTests.xctest */,
				2D02E47B1E0B4A5D006451C7 /* RedTestApp-tvOS.app */,
				2D02E4901E0B4A5D006451C7 /* RedTestApp-tvOSTests.xctest */,
			);
			name = Products;
			sourceTree = "<group>";
		};
		A4D36E3C86B6D5BFCEF03E3C /* Pods */ = {
			isa = PBXGroup;
			children = (
				85C33728C491542468D8B02A /* Pods-RedTestApp.debug.xcconfig */,
				E3081515E417C5CEC005F738 /* Pods-RedTestApp.release.xcconfig */,
				9108128C5C7CF37947869314 /* Pods-RedTestApp-RedTestAppTests.debug.xcconfig */,
				57D563B299C9002FD5EB6186 /* Pods-RedTestApp-RedTestAppTests.release.xcconfig */,
				4B1F0199C52FC7C3A0E021B7 /* Pods-RedTestApp-tvOS.debug.xcconfig */,
				968D18C91430CD86F53B9E8C /* Pods-RedTestApp-tvOS.release.xcconfig */,
				87FFF6CEEA2A9DF7F118A0E4 /* Pods-RedTestApp-tvOSTests.debug.xcconfig */,
				5ADA04DBC1C1D1D60B5E53B9 /* Pods-RedTestApp-tvOSTests.release.xcconfig */,
			);
			path = Pods;
			sourceTree = "<group>";
		};
		DC5450AFBBE143BEA24F58F7 /* Resources */ = {
			isa = PBXGroup;
			children = (
				399D1746E4744AB685D3D0F6 /* Inter-Black.ttf */,
				46A76615DA384E2BB2F10419 /* Inter-BlackItalic.ttf */,
				3CD4D993E25C416384E55990 /* Inter-Bold.ttf */,
				FA2960565809410A93C9B2CD /* Inter-BoldItalic.ttf */,
				445F420B8F0C4B2FAB45130B /* Inter-ExtraBold.ttf */,
				5976E58A17BB492EA0AD4A08 /* Inter-ExtraBoldItalic.ttf */,
				1E6C17504A584ABDB831CC5C /* Inter-ExtraLightBETA.ttf */,
				50EB217E3B8340D2B5330138 /* Inter-ExtraLightItalicBETA.ttf */,
				5F1A42BAE253437B8683F52D /* Inter-Italic.ttf */,
				9AD57DFCDFBF4714875783D7 /* Inter-LightBETA.ttf */,
				75A28CDDA0954E96A605CE34 /* Inter-LightItalicBETA.ttf */,
				A9CDE94B598643DDB4B5F8CD /* Inter-Medium.ttf */,
				367A0D2A0F4A4A9FBFB56B12 /* Inter-MediumItalic.ttf */,
				26C6783CD4EC46A0B7BEFF11 /* Inter-Regular.ttf */,
				DBF091ADAB524D8CB15A2D5D /* Inter-SemiBold.ttf */,
				6EC7F2412D854A9690B6D248 /* Inter-SemiBoldItalic.ttf */,
				72291D98C8C5487B86E49D6E /* Inter-ThinBETA.ttf */,
				D74BB957B7B2444A8B9C7F43 /* Inter-ThinItalicBETA.ttf */,
				5BCF3C9FEBDF4961BB34819F /* horizontal_landscape.jpg */,
				C5E7E5D6E1EB4066A1F21D7E /* square_cat.jpg */,
				E390A428E83E4D6F81A3CFB4 /* vertical_trees.jpg */,
				B833DEBEB7394602A8611789 /* Inter-Black.ttf */,
				CE0CF36A93324B858C65195C /* Inter-BlackItalic.ttf */,
				EE5D29917F6C4184ADFF273D /* Inter-Bold.ttf */,
				A8A72571612F477BA860F792 /* Inter-BoldItalic.ttf */,
				65D3AA28D8F2454B8BDF9D68 /* Inter-ExtraBold.ttf */,
				B8B46EEBBCCF4435854EED28 /* Inter-ExtraBoldItalic.ttf */,
				1C376E1A8EBE4979AB65F6B5 /* Inter-ExtraLightBETA.ttf */,
				971D4D280FFE45E1BCEDFDB1 /* Inter-ExtraLightItalicBETA.ttf */,
				109EC105E1F44342B09AA261 /* Inter-Italic.ttf */,
				8B5B7CBB49CE466E97E3E837 /* Inter-LightBETA.ttf */,
				5B9C9990F4C94D8081322CD7 /* Inter-LightItalicBETA.ttf */,
				859652F1BD974ABBB019B861 /* Inter-Medium.ttf */,
				A11E445052E04E2EB4E4714E /* Inter-MediumItalic.ttf */,
				49176BD8B2E943B2A65D15EE /* Inter-Regular.ttf */,
				C83920D43AC44F5A9AFDFD1B /* Inter-SemiBold.ttf */,
				C704E22A1AC34FF58D29FA4F /* Inter-SemiBoldItalic.ttf */,
				49ED10729BFC478D82C20A99 /* Inter-ThinBETA.ttf */,
				F48445EC535C42DEAA52385A /* Inter-ThinItalicBETA.ttf */,
			);
			name = Resources;
			sourceTree = "<group>";
		};
/* End PBXGroup section */

/* Begin PBXNativeTarget section */
		00E356ED1AD99517003FC87E /* RedTestAppTests */ = {
			isa = PBXNativeTarget;
			buildConfigurationList = 00E357021AD99517003FC87E /* Build configuration list for PBXNativeTarget "RedTestAppTests" */;
			buildPhases = (
				40A4E763FD257B2490C34492 /* [CP] Check Pods Manifest.lock */,
				00E356EA1AD99517003FC87E /* Sources */,
				00E356EB1AD99517003FC87E /* Frameworks */,
				00E356EC1AD99517003FC87E /* Resources */,
			);
			buildRules = (
			);
			dependencies = (
				00E356F51AD99517003FC87E /* PBXTargetDependency */,
			);
			name = RedTestAppTests;
			productName = RedTestAppTests;
			productReference = 00E356EE1AD99517003FC87E /* RedTestAppTests.xctest */;
			productType = "com.apple.product-type.bundle.unit-test";
		};
		13B07F861A680F5B00A75B9A /* RedTestApp */ = {
			isa = PBXNativeTarget;
			buildConfigurationList = 13B07F931A680F5B00A75B9A /* Build configuration list for PBXNativeTarget "RedTestApp" */;
			buildPhases = (
				012F86281E099BA26753CEAE /* [CP] Check Pods Manifest.lock */,
				FD10A7F022414F080027D42C /* Start Packager */,
				13B07F871A680F5B00A75B9A /* Sources */,
				13B07F8C1A680F5B00A75B9A /* Frameworks */,
				13B07F8E1A680F5B00A75B9A /* Resources */,
				00DD1BFF1BD5951E006B06BC /* Bundle React Native code and images */,
			);
			buildRules = (
			);
			dependencies = (
			);
			name = RedTestApp;
			productName = RedTestApp;
			productReference = 13B07F961A680F5B00A75B9A /* RedTestApp.app */;
			productType = "com.apple.product-type.application";
		};
		2D02E47A1E0B4A5D006451C7 /* RedTestApp-tvOS */ = {
			isa = PBXNativeTarget;
			buildConfigurationList = 2D02E4BA1E0B4A5E006451C7 /* Build configuration list for PBXNativeTarget "RedTestApp-tvOS" */;
			buildPhases = (
				F2F35457BFB314C88E106152 /* [CP] Check Pods Manifest.lock */,
				FD10A7F122414F3F0027D42C /* Start Packager */,
				2D02E4771E0B4A5D006451C7 /* Sources */,
				2D02E4781E0B4A5D006451C7 /* Frameworks */,
				2D02E4791E0B4A5D006451C7 /* Resources */,
				2D02E4CB1E0B4B27006451C7 /* Bundle React Native Code And Images */,
			);
			buildRules = (
			);
			dependencies = (
			);
			name = "RedTestApp-tvOS";
			productName = "RedTestApp-tvOS";
			productReference = 2D02E47B1E0B4A5D006451C7 /* RedTestApp-tvOS.app */;
			productType = "com.apple.product-type.application";
		};
		2D02E48F1E0B4A5D006451C7 /* RedTestApp-tvOSTests */ = {
			isa = PBXNativeTarget;
			buildConfigurationList = 2D02E4BB1E0B4A5E006451C7 /* Build configuration list for PBXNativeTarget "RedTestApp-tvOSTests" */;
			buildPhases = (
				10C4C0AD3E779548DE6AC35C /* [CP] Check Pods Manifest.lock */,
				2D02E48C1E0B4A5D006451C7 /* Sources */,
				2D02E48D1E0B4A5D006451C7 /* Frameworks */,
				2D02E48E1E0B4A5D006451C7 /* Resources */,
			);
			buildRules = (
			);
			dependencies = (
				2D02E4921E0B4A5D006451C7 /* PBXTargetDependency */,
			);
			name = "RedTestApp-tvOSTests";
			productName = "RedTestApp-tvOSTests";
			productReference = 2D02E4901E0B4A5D006451C7 /* RedTestApp-tvOSTests.xctest */;
			productType = "com.apple.product-type.bundle.unit-test";
		};
/* End PBXNativeTarget section */

/* Begin PBXProject section */
		83CBB9F71A601CBA00E9B192 /* Project object */ = {
			isa = PBXProject;
			attributes = {
				LastUpgradeCheck = 1130;
				TargetAttributes = {
					00E356ED1AD99517003FC87E = {
						CreatedOnToolsVersion = 6.2;
						TestTargetID = 13B07F861A680F5B00A75B9A;
					};
					13B07F861A680F5B00A75B9A = {
						LastSwiftMigration = 1120;
					};
					2D02E47A1E0B4A5D006451C7 = {
						CreatedOnToolsVersion = 8.2.1;
						ProvisioningStyle = Automatic;
					};
					2D02E48F1E0B4A5D006451C7 = {
						CreatedOnToolsVersion = 8.2.1;
						ProvisioningStyle = Automatic;
						TestTargetID = 2D02E47A1E0B4A5D006451C7;
					};
				};
			};
			buildConfigurationList = 83CBB9FA1A601CBA00E9B192 /* Build configuration list for PBXProject "RedTestApp" */;
			compatibilityVersion = "Xcode 3.2";
			developmentRegion = en;
			hasScannedForEncodings = 0;
			knownRegions = (
				en,
				Base,
			);
			mainGroup = 83CBB9F61A601CBA00E9B192;
			productRefGroup = 83CBBA001A601CBA00E9B192 /* Products */;
			projectDirPath = "";
			projectRoot = "";
			targets = (
				13B07F861A680F5B00A75B9A /* RedTestApp */,
				00E356ED1AD99517003FC87E /* RedTestAppTests */,
				2D02E47A1E0B4A5D006451C7 /* RedTestApp-tvOS */,
				2D02E48F1E0B4A5D006451C7 /* RedTestApp-tvOSTests */,
			);
		};
/* End PBXProject section */

/* Begin PBXResourcesBuildPhase section */
		00E356EC1AD99517003FC87E /* Resources */ = {
			isa = PBXResourcesBuildPhase;
			buildActionMask = 2147483647;
			files = (
			);
			runOnlyForDeploymentPostprocessing = 0;
		};
		13B07F8E1A680F5B00A75B9A /* Resources */ = {
			isa = PBXResourcesBuildPhase;
			buildActionMask = 2147483647;
			files = (
				13B07FBF1A68108700A75B9A /* Images.xcassets in Resources */,
				13B07FBD1A68108700A75B9A /* LaunchScreen.xib in Resources */,
				9D2D3A531C7E4140A30EA0F6 /* horizontal_landscape.jpg in Resources */,
				9B6D264CA1D847499BAF8EEA /* square_cat.jpg in Resources */,
				705B5367E42640C6AB12014B /* vertical_trees.jpg in Resources */,
				C032FAD86B20412098FFE4BD /* Inter-Black.ttf in Resources */,
				902C71B839884D03B74468EA /* Inter-BlackItalic.ttf in Resources */,
				59FAEA99B76E49DAA29F644D /* Inter-Bold.ttf in Resources */,
				852A179987D04FD98AA50572 /* Inter-BoldItalic.ttf in Resources */,
				AB4183CDFEEE4947A4557D15 /* Inter-ExtraBold.ttf in Resources */,
				5BAE13AB1267473E931C9820 /* Inter-ExtraBoldItalic.ttf in Resources */,
				44EF9D1F020B4CCC8DFAF806 /* Inter-ExtraLightBETA.ttf in Resources */,
				8BD56EA0569E43FBAD8ABC89 /* Inter-ExtraLightItalicBETA.ttf in Resources */,
				9A19DD4E499E4A739D8CE0BA /* Inter-Italic.ttf in Resources */,
				5A2823F025EA446BAC418EC0 /* Inter-LightBETA.ttf in Resources */,
				1911B07FEB364FB5AEDE559F /* Inter-LightItalicBETA.ttf in Resources */,
				5E5FF4B9CB85410A9722F26E /* Inter-Medium.ttf in Resources */,
				29E8643652AF46F28BEFB98B /* Inter-MediumItalic.ttf in Resources */,
				2024AA01F9784A6DA546822A /* Inter-Regular.ttf in Resources */,
				5030FE98F60A437BBA058E41 /* Inter-SemiBold.ttf in Resources */,
				EE81830EBFA446AB810EFA62 /* Inter-SemiBoldItalic.ttf in Resources */,
				DE70B1B211BE49F898A1D78F /* Inter-ThinBETA.ttf in Resources */,
				FC04287E15074CB99B2F90AB /* Inter-ThinItalicBETA.ttf in Resources */,
			);
			runOnlyForDeploymentPostprocessing = 0;
		};
		2D02E4791E0B4A5D006451C7 /* Resources */ = {
			isa = PBXResourcesBuildPhase;
			buildActionMask = 2147483647;
			files = (
				2D02E4BD1E0B4A84006451C7 /* Images.xcassets in Resources */,
			);
			runOnlyForDeploymentPostprocessing = 0;
		};
		2D02E48E1E0B4A5D006451C7 /* Resources */ = {
			isa = PBXResourcesBuildPhase;
			buildActionMask = 2147483647;
			files = (
			);
			runOnlyForDeploymentPostprocessing = 0;
		};
/* End PBXResourcesBuildPhase section */

/* Begin PBXShellScriptBuildPhase section */
		00DD1BFF1BD5951E006B06BC /* Bundle React Native code and images */ = {
			isa = PBXShellScriptBuildPhase;
			buildActionMask = 2147483647;
			files = (
			);
			inputPaths = (
			);
			name = "Bundle React Native code and images";
			outputPaths = (
			);
			runOnlyForDeploymentPostprocessing = 0;
			shellPath = /bin/sh;
			shellScript = "export NODE_BINARY=node\n../node_modules/react-native/scripts/react-native-xcode.sh";
		};
		012F86281E099BA26753CEAE /* [CP] Check Pods Manifest.lock */ = {
			isa = PBXShellScriptBuildPhase;
			buildActionMask = 2147483647;
			files = (
			);
			inputFileListPaths = (
			);
			inputPaths = (
				"${PODS_PODFILE_DIR_PATH}/Podfile.lock",
				"${PODS_ROOT}/Manifest.lock",
			);
			name = "[CP] Check Pods Manifest.lock";
			outputFileListPaths = (
			);
			outputPaths = (
				"$(DERIVED_FILE_DIR)/Pods-RedTestApp-checkManifestLockResult.txt",
			);
			runOnlyForDeploymentPostprocessing = 0;
			shellPath = /bin/sh;
			shellScript = "diff \"${PODS_PODFILE_DIR_PATH}/Podfile.lock\" \"${PODS_ROOT}/Manifest.lock\" > /dev/null\nif [ $? != 0 ] ; then\n    # print error to STDERR\n    echo \"error: The sandbox is not in sync with the Podfile.lock. Run 'pod install' or update your CocoaPods installation.\" >&2\n    exit 1\nfi\n# This output is used by Xcode 'outputs' to avoid re-running this script phase.\necho \"SUCCESS\" > \"${SCRIPT_OUTPUT_FILE_0}\"\n";
			showEnvVarsInLog = 0;
		};
		10C4C0AD3E779548DE6AC35C /* [CP] Check Pods Manifest.lock */ = {
			isa = PBXShellScriptBuildPhase;
			buildActionMask = 2147483647;
			files = (
			);
			inputFileListPaths = (
			);
			inputPaths = (
				"${PODS_PODFILE_DIR_PATH}/Podfile.lock",
				"${PODS_ROOT}/Manifest.lock",
			);
			name = "[CP] Check Pods Manifest.lock";
			outputFileListPaths = (
			);
			outputPaths = (
				"$(DERIVED_FILE_DIR)/Pods-RedTestApp-tvOSTests-checkManifestLockResult.txt",
			);
			runOnlyForDeploymentPostprocessing = 0;
			shellPath = /bin/sh;
			shellScript = "diff \"${PODS_PODFILE_DIR_PATH}/Podfile.lock\" \"${PODS_ROOT}/Manifest.lock\" > /dev/null\nif [ $? != 0 ] ; then\n    # print error to STDERR\n    echo \"error: The sandbox is not in sync with the Podfile.lock. Run 'pod install' or update your CocoaPods installation.\" >&2\n    exit 1\nfi\n# This output is used by Xcode 'outputs' to avoid re-running this script phase.\necho \"SUCCESS\" > \"${SCRIPT_OUTPUT_FILE_0}\"\n";
			showEnvVarsInLog = 0;
		};
		2D02E4CB1E0B4B27006451C7 /* Bundle React Native Code And Images */ = {
			isa = PBXShellScriptBuildPhase;
			buildActionMask = 2147483647;
			files = (
			);
			inputPaths = (
			);
			name = "Bundle React Native Code And Images";
			outputPaths = (
			);
			runOnlyForDeploymentPostprocessing = 0;
			shellPath = /bin/sh;
			shellScript = "export NODE_BINARY=node\n../node_modules/react-native/scripts/react-native-xcode.sh";
		};
		40A4E763FD257B2490C34492 /* [CP] Check Pods Manifest.lock */ = {
			isa = PBXShellScriptBuildPhase;
			buildActionMask = 2147483647;
			files = (
			);
			inputFileListPaths = (
			);
			inputPaths = (
				"${PODS_PODFILE_DIR_PATH}/Podfile.lock",
				"${PODS_ROOT}/Manifest.lock",
			);
			name = "[CP] Check Pods Manifest.lock";
			outputFileListPaths = (
			);
			outputPaths = (
				"$(DERIVED_FILE_DIR)/Pods-RedTestApp-RedTestAppTests-checkManifestLockResult.txt",
			);
			runOnlyForDeploymentPostprocessing = 0;
			shellPath = /bin/sh;
			shellScript = "diff \"${PODS_PODFILE_DIR_PATH}/Podfile.lock\" \"${PODS_ROOT}/Manifest.lock\" > /dev/null\nif [ $? != 0 ] ; then\n    # print error to STDERR\n    echo \"error: The sandbox is not in sync with the Podfile.lock. Run 'pod install' or update your CocoaPods installation.\" >&2\n    exit 1\nfi\n# This output is used by Xcode 'outputs' to avoid re-running this script phase.\necho \"SUCCESS\" > \"${SCRIPT_OUTPUT_FILE_0}\"\n";
			showEnvVarsInLog = 0;
		};
		F2F35457BFB314C88E106152 /* [CP] Check Pods Manifest.lock */ = {
			isa = PBXShellScriptBuildPhase;
			buildActionMask = 2147483647;
			files = (
			);
			inputFileListPaths = (
			);
			inputPaths = (
				"${PODS_PODFILE_DIR_PATH}/Podfile.lock",
				"${PODS_ROOT}/Manifest.lock",
			);
			name = "[CP] Check Pods Manifest.lock";
			outputFileListPaths = (
			);
			outputPaths = (
				"$(DERIVED_FILE_DIR)/Pods-RedTestApp-tvOS-checkManifestLockResult.txt",
			);
			runOnlyForDeploymentPostprocessing = 0;
			shellPath = /bin/sh;
			shellScript = "diff \"${PODS_PODFILE_DIR_PATH}/Podfile.lock\" \"${PODS_ROOT}/Manifest.lock\" > /dev/null\nif [ $? != 0 ] ; then\n    # print error to STDERR\n    echo \"error: The sandbox is not in sync with the Podfile.lock. Run 'pod install' or update your CocoaPods installation.\" >&2\n    exit 1\nfi\n# This output is used by Xcode 'outputs' to avoid re-running this script phase.\necho \"SUCCESS\" > \"${SCRIPT_OUTPUT_FILE_0}\"\n";
			showEnvVarsInLog = 0;
		};
		FD10A7F022414F080027D42C /* Start Packager */ = {
			isa = PBXShellScriptBuildPhase;
			buildActionMask = 2147483647;
			files = (
			);
			inputFileListPaths = (
			);
			inputPaths = (
			);
			name = "Start Packager";
			outputFileListPaths = (
			);
			outputPaths = (
			);
			runOnlyForDeploymentPostprocessing = 0;
			shellPath = /bin/sh;
			shellScript = "export RCT_METRO_PORT=\"${RCT_METRO_PORT:=8081}\"\necho \"export RCT_METRO_PORT=${RCT_METRO_PORT}\" > \"${SRCROOT}/../node_modules/react-native/scripts/.packager.env\"\nif [ -z \"${RCT_NO_LAUNCH_PACKAGER+xxx}\" ] ; then\n  if nc -w 5 -z localhost ${RCT_METRO_PORT} ; then\n    if ! curl -s \"http://localhost:${RCT_METRO_PORT}/status\" | grep -q \"packager-status:running\" ; then\n      echo \"Port ${RCT_METRO_PORT} already in use, packager is either not running or not running correctly\"\n      exit 2\n    fi\n  else\n    open \"$SRCROOT/../node_modules/react-native/scripts/launchPackager.command\" || echo \"Can't start packager automatically\"\n  fi\nfi\n";
			showEnvVarsInLog = 0;
		};
		FD10A7F122414F3F0027D42C /* Start Packager */ = {
			isa = PBXShellScriptBuildPhase;
			buildActionMask = 2147483647;
			files = (
			);
			inputFileListPaths = (
			);
			inputPaths = (
			);
			name = "Start Packager";
			outputFileListPaths = (
			);
			outputPaths = (
			);
			runOnlyForDeploymentPostprocessing = 0;
			shellPath = /bin/sh;
			shellScript = "export RCT_METRO_PORT=\"${RCT_METRO_PORT:=8081}\"\necho \"export RCT_METRO_PORT=${RCT_METRO_PORT}\" > \"${SRCROOT}/../node_modules/react-native/scripts/.packager.env\"\nif [ -z \"${RCT_NO_LAUNCH_PACKAGER+xxx}\" ] ; then\n  if nc -w 5 -z localhost ${RCT_METRO_PORT} ; then\n    if ! curl -s \"http://localhost:${RCT_METRO_PORT}/status\" | grep -q \"packager-status:running\" ; then\n      echo \"Port ${RCT_METRO_PORT} already in use, packager is either not running or not running correctly\"\n      exit 2\n    fi\n  else\n    open \"$SRCROOT/../node_modules/react-native/scripts/launchPackager.command\" || echo \"Can't start packager automatically\"\n  fi\nfi\n";
			showEnvVarsInLog = 0;
		};
/* End PBXShellScriptBuildPhase section */

/* Begin PBXSourcesBuildPhase section */
		00E356EA1AD99517003FC87E /* Sources */ = {
			isa = PBXSourcesBuildPhase;
			buildActionMask = 2147483647;
			files = (
				00E356F31AD99517003FC87E /* RedTestAppTests.m in Sources */,
			);
			runOnlyForDeploymentPostprocessing = 0;
		};
		13B07F871A680F5B00A75B9A /* Sources */ = {
			isa = PBXSourcesBuildPhase;
			buildActionMask = 2147483647;
			files = (
				13B07FBC1A68108700A75B9A /* AppDelegate.m in Sources */,
				13B07FC11A68108700A75B9A /* main.m in Sources */,
			);
			runOnlyForDeploymentPostprocessing = 0;
		};
		2D02E4771E0B4A5D006451C7 /* Sources */ = {
			isa = PBXSourcesBuildPhase;
			buildActionMask = 2147483647;
			files = (
				2D02E4BF1E0B4AB3006451C7 /* main.m in Sources */,
				2D02E4BC1E0B4A80006451C7 /* AppDelegate.m in Sources */,
			);
			runOnlyForDeploymentPostprocessing = 0;
		};
		2D02E48C1E0B4A5D006451C7 /* Sources */ = {
			isa = PBXSourcesBuildPhase;
			buildActionMask = 2147483647;
			files = (
				2DCD954D1E0B4F2C00145EB5 /* RedTestAppTests.m in Sources */,
			);
			runOnlyForDeploymentPostprocessing = 0;
		};
/* End PBXSourcesBuildPhase section */

/* Begin PBXTargetDependency section */
		00E356F51AD99517003FC87E /* PBXTargetDependency */ = {
			isa = PBXTargetDependency;
			target = 13B07F861A680F5B00A75B9A /* RedTestApp */;
			targetProxy = 00E356F41AD99517003FC87E /* PBXContainerItemProxy */;
		};
		2D02E4921E0B4A5D006451C7 /* PBXTargetDependency */ = {
			isa = PBXTargetDependency;
			target = 2D02E47A1E0B4A5D006451C7 /* RedTestApp-tvOS */;
			targetProxy = 2D02E4911E0B4A5D006451C7 /* PBXContainerItemProxy */;
		};
/* End PBXTargetDependency section */

/* Begin PBXVariantGroup section */
		13B07FB11A68108700A75B9A /* LaunchScreen.xib */ = {
			isa = PBXVariantGroup;
			children = (
				13B07FB21A68108700A75B9A /* Base */,
			);
			name = LaunchScreen.xib;
			path = RedTestApp;
			sourceTree = "<group>";
		};
/* End PBXVariantGroup section */

/* Begin XCBuildConfiguration section */
		00E356F61AD99517003FC87E /* Debug */ = {
			isa = XCBuildConfiguration;
			baseConfigurationReference = 9108128C5C7CF37947869314 /* Pods-RedTestApp-RedTestAppTests.debug.xcconfig */;
			buildSettings = {
				BUNDLE_LOADER = "$(TEST_HOST)";
				GCC_PREPROCESSOR_DEFINITIONS = (
					"DEBUG=1",
					"$(inherited)",
				);
				INFOPLIST_FILE = RedTestAppTests/Info.plist;
				IPHONEOS_DEPLOYMENT_TARGET = 9.0;
				LD_RUNPATH_SEARCH_PATHS = "$(inherited) @executable_path/Frameworks @loader_path/Frameworks";
				OTHER_LDFLAGS = (
					"-ObjC",
					"-lc++",
					"$(inherited)",
				);
				PRODUCT_BUNDLE_IDENTIFIER = "org.reactjs.native.example.$(PRODUCT_NAME:rfc1034identifier)";
				PRODUCT_NAME = "$(TARGET_NAME)";
				TEST_HOST = "$(BUILT_PRODUCTS_DIR)/RedTestApp.app/RedTestApp";
			};
			name = Debug;
		};
		00E356F71AD99517003FC87E /* Release */ = {
			isa = XCBuildConfiguration;
			baseConfigurationReference = 57D563B299C9002FD5EB6186 /* Pods-RedTestApp-RedTestAppTests.release.xcconfig */;
			buildSettings = {
				BUNDLE_LOADER = "$(TEST_HOST)";
				COPY_PHASE_STRIP = NO;
				INFOPLIST_FILE = RedTestAppTests/Info.plist;
				IPHONEOS_DEPLOYMENT_TARGET = 9.0;
				LD_RUNPATH_SEARCH_PATHS = "$(inherited) @executable_path/Frameworks @loader_path/Frameworks";
				OTHER_LDFLAGS = (
					"-ObjC",
					"-lc++",
					"$(inherited)",
				);
				PRODUCT_BUNDLE_IDENTIFIER = "org.reactjs.native.example.$(PRODUCT_NAME:rfc1034identifier)";
				PRODUCT_NAME = "$(TARGET_NAME)";
				TEST_HOST = "$(BUILT_PRODUCTS_DIR)/RedTestApp.app/RedTestApp";
			};
			name = Release;
		};
		13B07F941A680F5B00A75B9A /* Debug */ = {
			isa = XCBuildConfiguration;
			baseConfigurationReference = 85C33728C491542468D8B02A /* Pods-RedTestApp.debug.xcconfig */;
			buildSettings = {
				ASSETCATALOG_COMPILER_APPICON_NAME = AppIcon;
				CLANG_ENABLE_MODULES = YES;
				CURRENT_PROJECT_VERSION = 1;
				ENABLE_BITCODE = NO;
				GCC_PREPROCESSOR_DEFINITIONS = (
					"$(inherited)",
					"FB_SONARKIT_ENABLED=1",
				);
				INFOPLIST_FILE = RedTestApp/Info.plist;
				LD_RUNPATH_SEARCH_PATHS = "$(inherited) @executable_path/Frameworks";
				OTHER_LDFLAGS = (
					"$(inherited)",
					"-ObjC",
					"-lc++",
				);
				PRODUCT_BUNDLE_IDENTIFIER = "org.reactjs.native.example.$(PRODUCT_NAME:rfc1034identifier)";
				PRODUCT_NAME = RedTestApp;
				SWIFT_OPTIMIZATION_LEVEL = "-Onone";
				SWIFT_VERSION = 5.0;
				VERSIONING_SYSTEM = "apple-generic";
			};
			name = Debug;
		};
		13B07F951A680F5B00A75B9A /* Release */ = {
			isa = XCBuildConfiguration;
			baseConfigurationReference = E3081515E417C5CEC005F738 /* Pods-RedTestApp.release.xcconfig */;
			buildSettings = {
				ASSETCATALOG_COMPILER_APPICON_NAME = AppIcon;
				CLANG_ENABLE_MODULES = YES;
				CURRENT_PROJECT_VERSION = 1;
				INFOPLIST_FILE = RedTestApp/Info.plist;
				LD_RUNPATH_SEARCH_PATHS = "$(inherited) @executable_path/Frameworks";
				OTHER_LDFLAGS = (
					"$(inherited)",
					"-ObjC",
					"-lc++",
				);
				PRODUCT_BUNDLE_IDENTIFIER = "org.reactjs.native.example.$(PRODUCT_NAME:rfc1034identifier)";
				PRODUCT_NAME = RedTestApp;
				SWIFT_VERSION = 5.0;
				VERSIONING_SYSTEM = "apple-generic";
			};
			name = Release;
		};
		2D02E4971E0B4A5E006451C7 /* Debug */ = {
			isa = XCBuildConfiguration;
			baseConfigurationReference = 4B1F0199C52FC7C3A0E021B7 /* Pods-RedTestApp-tvOS.debug.xcconfig */;
			buildSettings = {
				ASSETCATALOG_COMPILER_APPICON_NAME = "App Icon & Top Shelf Image";
				ASSETCATALOG_COMPILER_LAUNCHIMAGE_NAME = LaunchImage;
				CLANG_ANALYZER_NONNULL = YES;
				CLANG_WARN_DOCUMENTATION_COMMENTS = YES;
				CLANG_WARN_INFINITE_RECURSION = YES;
				CLANG_WARN_SUSPICIOUS_MOVE = YES;
				DEBUG_INFORMATION_FORMAT = dwarf;
				ENABLE_TESTABILITY = YES;
				GCC_NO_COMMON_BLOCKS = YES;
				INFOPLIST_FILE = "RedTestApp-tvOS/Info.plist";
				LD_RUNPATH_SEARCH_PATHS = "$(inherited) @executable_path/Frameworks";
				OTHER_LDFLAGS = (
					"$(inherited)",
					"-ObjC",
					"-lc++",
				);
				PRODUCT_BUNDLE_IDENTIFIER = "org.reactjs.native.example.RedTestApp-tvOS";
				PRODUCT_NAME = "$(TARGET_NAME)";
				SDKROOT = appletvos;
				TARGETED_DEVICE_FAMILY = 3;
				TVOS_DEPLOYMENT_TARGET = 9.2;
			};
			name = Debug;
		};
		2D02E4981E0B4A5E006451C7 /* Release */ = {
			isa = XCBuildConfiguration;
			baseConfigurationReference = 968D18C91430CD86F53B9E8C /* Pods-RedTestApp-tvOS.release.xcconfig */;
			buildSettings = {
				ASSETCATALOG_COMPILER_APPICON_NAME = "App Icon & Top Shelf Image";
				ASSETCATALOG_COMPILER_LAUNCHIMAGE_NAME = LaunchImage;
				CLANG_ANALYZER_NONNULL = YES;
				CLANG_WARN_DOCUMENTATION_COMMENTS = YES;
				CLANG_WARN_INFINITE_RECURSION = YES;
				CLANG_WARN_SUSPICIOUS_MOVE = YES;
				COPY_PHASE_STRIP = NO;
				DEBUG_INFORMATION_FORMAT = "dwarf-with-dsym";
				GCC_NO_COMMON_BLOCKS = YES;
				INFOPLIST_FILE = "RedTestApp-tvOS/Info.plist";
				LD_RUNPATH_SEARCH_PATHS = "$(inherited) @executable_path/Frameworks";
				OTHER_LDFLAGS = (
					"$(inherited)",
					"-ObjC",
					"-lc++",
				);
				PRODUCT_BUNDLE_IDENTIFIER = "org.reactjs.native.example.RedTestApp-tvOS";
				PRODUCT_NAME = "$(TARGET_NAME)";
				SDKROOT = appletvos;
				TARGETED_DEVICE_FAMILY = 3;
				TVOS_DEPLOYMENT_TARGET = 9.2;
			};
			name = Release;
		};
		2D02E4991E0B4A5E006451C7 /* Debug */ = {
			isa = XCBuildConfiguration;
			baseConfigurationReference = 87FFF6CEEA2A9DF7F118A0E4 /* Pods-RedTestApp-tvOSTests.debug.xcconfig */;
			buildSettings = {
				BUNDLE_LOADER = "$(TEST_HOST)";
				CLANG_ANALYZER_NONNULL = YES;
				CLANG_WARN_DOCUMENTATION_COMMENTS = YES;
				CLANG_WARN_INFINITE_RECURSION = YES;
				CLANG_WARN_SUSPICIOUS_MOVE = YES;
				DEBUG_INFORMATION_FORMAT = dwarf;
				ENABLE_TESTABILITY = YES;
				GCC_NO_COMMON_BLOCKS = YES;
				INFOPLIST_FILE = "RedTestApp-tvOSTests/Info.plist";
				LD_RUNPATH_SEARCH_PATHS = "$(inherited) @executable_path/Frameworks @loader_path/Frameworks";
				OTHER_LDFLAGS = (
					"$(inherited)",
					"-ObjC",
					"-lc++",
				);
				PRODUCT_BUNDLE_IDENTIFIER = "org.reactjs.native.example.RedTestApp-tvOSTests";
				PRODUCT_NAME = "$(TARGET_NAME)";
				SDKROOT = appletvos;
				TEST_HOST = "$(BUILT_PRODUCTS_DIR)/RedTestApp-tvOS.app/RedTestApp-tvOS";
				TVOS_DEPLOYMENT_TARGET = 10.1;
			};
			name = Debug;
		};
		2D02E49A1E0B4A5E006451C7 /* Release */ = {
			isa = XCBuildConfiguration;
			baseConfigurationReference = 5ADA04DBC1C1D1D60B5E53B9 /* Pods-RedTestApp-tvOSTests.release.xcconfig */;
			buildSettings = {
				BUNDLE_LOADER = "$(TEST_HOST)";
				CLANG_ANALYZER_NONNULL = YES;
				CLANG_WARN_DOCUMENTATION_COMMENTS = YES;
				CLANG_WARN_INFINITE_RECURSION = YES;
				CLANG_WARN_SUSPICIOUS_MOVE = YES;
				COPY_PHASE_STRIP = NO;
				DEBUG_INFORMATION_FORMAT = "dwarf-with-dsym";
				GCC_NO_COMMON_BLOCKS = YES;
				INFOPLIST_FILE = "RedTestApp-tvOSTests/Info.plist";
				LD_RUNPATH_SEARCH_PATHS = "$(inherited) @executable_path/Frameworks @loader_path/Frameworks";
				OTHER_LDFLAGS = (
					"$(inherited)",
					"-ObjC",
					"-lc++",
				);
				PRODUCT_BUNDLE_IDENTIFIER = "org.reactjs.native.example.RedTestApp-tvOSTests";
				PRODUCT_NAME = "$(TARGET_NAME)";
				SDKROOT = appletvos;
				TEST_HOST = "$(BUILT_PRODUCTS_DIR)/RedTestApp-tvOS.app/RedTestApp-tvOS";
				TVOS_DEPLOYMENT_TARGET = 10.1;
			};
			name = Release;
		};
		83CBBA201A601CBA00E9B192 /* Debug */ = {
			isa = XCBuildConfiguration;
			buildSettings = {
				ALWAYS_SEARCH_USER_PATHS = NO;
				CLANG_ANALYZER_LOCALIZABILITY_NONLOCALIZED = YES;
				CLANG_CXX_LANGUAGE_STANDARD = "gnu++0x";
				CLANG_CXX_LIBRARY = "libc++";
				CLANG_ENABLE_MODULES = YES;
				CLANG_ENABLE_OBJC_ARC = YES;
				CLANG_WARN_BLOCK_CAPTURE_AUTORELEASING = YES;
				CLANG_WARN_BOOL_CONVERSION = YES;
				CLANG_WARN_COMMA = YES;
				CLANG_WARN_CONSTANT_CONVERSION = YES;
				CLANG_WARN_DEPRECATED_OBJC_IMPLEMENTATIONS = YES;
				CLANG_WARN_DIRECT_OBJC_ISA_USAGE = YES_ERROR;
				CLANG_WARN_EMPTY_BODY = YES;
				CLANG_WARN_ENUM_CONVERSION = YES;
				CLANG_WARN_INFINITE_RECURSION = YES;
				CLANG_WARN_INT_CONVERSION = YES;
				CLANG_WARN_NON_LITERAL_NULL_CONVERSION = YES;
				CLANG_WARN_OBJC_IMPLICIT_RETAIN_SELF = YES;
				CLANG_WARN_OBJC_LITERAL_CONVERSION = YES;
				CLANG_WARN_OBJC_ROOT_CLASS = YES_ERROR;
				CLANG_WARN_RANGE_LOOP_ANALYSIS = YES;
				CLANG_WARN_STRICT_PROTOTYPES = YES;
				CLANG_WARN_SUSPICIOUS_MOVE = YES;
				CLANG_WARN_UNREACHABLE_CODE = YES;
				CLANG_WARN__DUPLICATE_METHOD_MATCH = YES;
				"CODE_SIGN_IDENTITY[sdk=iphoneos*]" = "iPhone Developer";
				COPY_PHASE_STRIP = NO;
				ENABLE_STRICT_OBJC_MSGSEND = YES;
				ENABLE_TESTABILITY = YES;
				GCC_C_LANGUAGE_STANDARD = gnu99;
				GCC_DYNAMIC_NO_PIC = NO;
				GCC_NO_COMMON_BLOCKS = YES;
				GCC_OPTIMIZATION_LEVEL = 0;
				GCC_PREPROCESSOR_DEFINITIONS = (
					"DEBUG=1",
					"$(inherited)",
				);
				GCC_SYMBOLS_PRIVATE_EXTERN = NO;
				GCC_WARN_64_TO_32_BIT_CONVERSION = YES;
				GCC_WARN_ABOUT_RETURN_TYPE = YES_ERROR;
				GCC_WARN_UNDECLARED_SELECTOR = YES;
				GCC_WARN_UNINITIALIZED_AUTOS = YES_AGGRESSIVE;
				GCC_WARN_UNUSED_FUNCTION = YES;
				GCC_WARN_UNUSED_VARIABLE = YES;
				IPHONEOS_DEPLOYMENT_TARGET = 9.0;
				LD_RUNPATH_SEARCH_PATHS = "/usr/lib/swift $(inherited)";
				LIBRARY_SEARCH_PATHS = (
					"\"$(TOOLCHAIN_DIR)/usr/lib/swift/$(PLATFORM_NAME)\"",
					"\"$(TOOLCHAIN_DIR)/usr/lib/swift-5.0/$(PLATFORM_NAME)\"",
					"\"$(inherited)\"",
				);
				MTL_ENABLE_DEBUG_INFO = YES;
				ONLY_ACTIVE_ARCH = YES;
				SDKROOT = iphoneos;
			};
			name = Debug;
		};
		83CBBA211A601CBA00E9B192 /* Release */ = {
			isa = XCBuildConfiguration;
			buildSettings = {
				ALWAYS_SEARCH_USER_PATHS = NO;
				CLANG_ANALYZER_LOCALIZABILITY_NONLOCALIZED = YES;
				CLANG_CXX_LANGUAGE_STANDARD = "gnu++0x";
				CLANG_CXX_LIBRARY = "libc++";
				CLANG_ENABLE_MODULES = YES;
				CLANG_ENABLE_OBJC_ARC = YES;
				CLANG_WARN_BLOCK_CAPTURE_AUTORELEASING = YES;
				CLANG_WARN_BOOL_CONVERSION = YES;
				CLANG_WARN_COMMA = YES;
				CLANG_WARN_CONSTANT_CONVERSION = YES;
				CLANG_WARN_DEPRECATED_OBJC_IMPLEMENTATIONS = YES;
				CLANG_WARN_DIRECT_OBJC_ISA_USAGE = YES_ERROR;
				CLANG_WARN_EMPTY_BODY = YES;
				CLANG_WARN_ENUM_CONVERSION = YES;
				CLANG_WARN_INFINITE_RECURSION = YES;
				CLANG_WARN_INT_CONVERSION = YES;
				CLANG_WARN_NON_LITERAL_NULL_CONVERSION = YES;
				CLANG_WARN_OBJC_IMPLICIT_RETAIN_SELF = YES;
				CLANG_WARN_OBJC_LITERAL_CONVERSION = YES;
				CLANG_WARN_OBJC_ROOT_CLASS = YES_ERROR;
				CLANG_WARN_RANGE_LOOP_ANALYSIS = YES;
				CLANG_WARN_STRICT_PROTOTYPES = YES;
				CLANG_WARN_SUSPICIOUS_MOVE = YES;
				CLANG_WARN_UNREACHABLE_CODE = YES;
				CLANG_WARN__DUPLICATE_METHOD_MATCH = YES;
				"CODE_SIGN_IDENTITY[sdk=iphoneos*]" = "iPhone Developer";
				COPY_PHASE_STRIP = YES;
				ENABLE_NS_ASSERTIONS = NO;
				ENABLE_STRICT_OBJC_MSGSEND = YES;
				GCC_C_LANGUAGE_STANDARD = gnu99;
				GCC_NO_COMMON_BLOCKS = YES;
				GCC_WARN_64_TO_32_BIT_CONVERSION = YES;
				GCC_WARN_ABOUT_RETURN_TYPE = YES_ERROR;
				GCC_WARN_UNDECLARED_SELECTOR = YES;
				GCC_WARN_UNINITIALIZED_AUTOS = YES_AGGRESSIVE;
				GCC_WARN_UNUSED_FUNCTION = YES;
				GCC_WARN_UNUSED_VARIABLE = YES;
				IPHONEOS_DEPLOYMENT_TARGET = 9.0;
				LD_RUNPATH_SEARCH_PATHS = "/usr/lib/swift $(inherited)";
				LIBRARY_SEARCH_PATHS = (
					"\"$(TOOLCHAIN_DIR)/usr/lib/swift/$(PLATFORM_NAME)\"",
					"\"$(TOOLCHAIN_DIR)/usr/lib/swift-5.0/$(PLATFORM_NAME)\"",
					"\"$(inherited)\"",
				);
				MTL_ENABLE_DEBUG_INFO = NO;
				SDKROOT = iphoneos;
				VALIDATE_PRODUCT = YES;
			};
			name = Release;
		};
/* End XCBuildConfiguration section */

/* Begin XCConfigurationList section */
		00E357021AD99517003FC87E /* Build configuration list for PBXNativeTarget "RedTestAppTests" */ = {
			isa = XCConfigurationList;
			buildConfigurations = (
				00E356F61AD99517003FC87E /* Debug */,
				00E356F71AD99517003FC87E /* Release */,
			);
			defaultConfigurationIsVisible = 0;
			defaultConfigurationName = Release;
		};
		13B07F931A680F5B00A75B9A /* Build configuration list for PBXNativeTarget "RedTestApp" */ = {
			isa = XCConfigurationList;
			buildConfigurations = (
				13B07F941A680F5B00A75B9A /* Debug */,
				13B07F951A680F5B00A75B9A /* Release */,
			);
			defaultConfigurationIsVisible = 0;
			defaultConfigurationName = Release;
		};
		2D02E4BA1E0B4A5E006451C7 /* Build configuration list for PBXNativeTarget "RedTestApp-tvOS" */ = {
			isa = XCConfigurationList;
			buildConfigurations = (
				2D02E4971E0B4A5E006451C7 /* Debug */,
				2D02E4981E0B4A5E006451C7 /* Release */,
			);
			defaultConfigurationIsVisible = 0;
			defaultConfigurationName = Release;
		};
		2D02E4BB1E0B4A5E006451C7 /* Build configuration list for PBXNativeTarget "RedTestApp-tvOSTests" */ = {
			isa = XCConfigurationList;
			buildConfigurations = (
				2D02E4991E0B4A5E006451C7 /* Debug */,
				2D02E49A1E0B4A5E006451C7 /* Release */,
			);
			defaultConfigurationIsVisible = 0;
			defaultConfigurationName = Release;
		};
		83CBB9FA1A601CBA00E9B192 /* Build configuration list for PBXProject "RedTestApp" */ = {
			isa = XCConfigurationList;
			buildConfigurations = (
				83CBBA201A601CBA00E9B192 /* Debug */,
				83CBBA211A601CBA00E9B192 /* Release */,
			);
			defaultConfigurationIsVisible = 0;
			defaultConfigurationName = Release;
		};
/* End XCConfigurationList section */
	};
	rootObject = 83CBB9F71A601CBA00E9B192 /* Project object */;
}
